// !$*UTF8*$!
{
	archiveVersion = 1;
	classes = {
	};
	objectVersion = 46;
	objects = {

/* Begin PBXBuildFile section */
		15B8E4C25FAA2CF9FD58B22F /* Pods_ltdvideo.framework in Frameworks */ = {isa = PBXBuildFile; fileRef = C1B1047D5F7378BB8DC6587F /* Pods_ltdvideo.framework */; };
		B097F758FED0A8D659693BDC /* Pods_ltdvideoTests.framework in Frameworks */ = {isa = PBXBuildFile; fileRef = 76D2C69596F7C4D0EAF7CC7F /* Pods_ltdvideoTests.framework */; };
		B59AAA99B33AAD0E43BDF012 /* Pods_ltdvideoUITests.framework in Frameworks */ = {isa = PBXBuildFile; fileRef = AC512806D22BC45D5A902366 /* Pods_ltdvideoUITests.framework */; };
		BA9CCB771EA8F266003B9899 /* Assets.xcassets in Resources */ = {isa = PBXBuildFile; fileRef = BA9CCB761EA8F266003B9899 /* Assets.xcassets */; };
		BAC0AF2C1EA70BB700554747 /* AppDelegate.swift in Sources */ = {isa = PBXBuildFile; fileRef = BAC0AF2B1EA70BB700554747 /* AppDelegate.swift */; };
		BAC0AF2E1EA70BB700554747 /* ViewController.swift in Sources */ = {isa = PBXBuildFile; fileRef = BAC0AF2D1EA70BB700554747 /* ViewController.swift */; };
		BAC0AF311EA70BB700554747 /* Main.storyboard in Resources */ = {isa = PBXBuildFile; fileRef = BAC0AF2F1EA70BB700554747 /* Main.storyboard */; };
		BAC0AF361EA70BB700554747 /* LaunchScreen.storyboard in Resources */ = {isa = PBXBuildFile; fileRef = BAC0AF341EA70BB700554747 /* LaunchScreen.storyboard */; };
		BAC0AF411EA70BB700554747 /* ltdvideoTests.swift in Sources */ = {isa = PBXBuildFile; fileRef = BAC0AF401EA70BB700554747 /* ltdvideoTests.swift */; };
		BAC0AF4C1EA70BB700554747 /* ltdvideoUITests.swift in Sources */ = {isa = PBXBuildFile; fileRef = BAC0AF4B1EA70BB700554747 /* ltdvideoUITests.swift */; };
		BAC0AF5A1EA70CCD00554747 /* LoginViewController.swift in Sources */ = {isa = PBXBuildFile; fileRef = BAC0AF591EA70CCD00554747 /* LoginViewController.swift */; };
		BAC0AF5C1EA710A300554747 /* GoogleService-Info.plist in Resources */ = {isa = PBXBuildFile; fileRef = BAC0AF5B1EA710A300554747 /* GoogleService-Info.plist */; };
		BAC0AF5E1EA7153F00554747 /* UploadViewController.swift in Sources */ = {isa = PBXBuildFile; fileRef = BAC0AF5D1EA7153F00554747 /* UploadViewController.swift */; };
/* End PBXBuildFile section */

/* Begin PBXContainerItemProxy section */
		BAC0AF3D1EA70BB700554747 /* PBXContainerItemProxy */ = {
			isa = PBXContainerItemProxy;
			containerPortal = BAC0AF201EA70BB700554747 /* Project object */;
			proxyType = 1;
			remoteGlobalIDString = BAC0AF271EA70BB700554747;
			remoteInfo = ltdvideo;
		};
		BAC0AF481EA70BB700554747 /* PBXContainerItemProxy */ = {
			isa = PBXContainerItemProxy;
			containerPortal = BAC0AF201EA70BB700554747 /* Project object */;
			proxyType = 1;
			remoteGlobalIDString = BAC0AF271EA70BB700554747;
			remoteInfo = ltdvideo;
		};
/* End PBXContainerItemProxy section */

/* Begin PBXFileReference section */
		17435144F44BAABDC1FEBCD5 /* Pods-ltdvideoUITests.debug.xcconfig */ = {isa = PBXFileReference; includeInIndex = 1; lastKnownFileType = text.xcconfig; name = "Pods-ltdvideoUITests.debug.xcconfig"; path = "Pods/Target Support Files/Pods-ltdvideoUITests/Pods-ltdvideoUITests.debug.xcconfig"; sourceTree = "<group>"; };
		24623340B37238A70540CC9F /* Pods-ltdvideoTests.release.xcconfig */ = {isa = PBXFileReference; includeInIndex = 1; lastKnownFileType = text.xcconfig; name = "Pods-ltdvideoTests.release.xcconfig"; path = "Pods/Target Support Files/Pods-ltdvideoTests/Pods-ltdvideoTests.release.xcconfig"; sourceTree = "<group>"; };
		4DB6DBC1467684A550DB9479 /* Pods-ltdvideoUITests.release.xcconfig */ = {isa = PBXFileReference; includeInIndex = 1; lastKnownFileType = text.xcconfig; name = "Pods-ltdvideoUITests.release.xcconfig"; path = "Pods/Target Support Files/Pods-ltdvideoUITests/Pods-ltdvideoUITests.release.xcconfig"; sourceTree = "<group>"; };
		76D2C69596F7C4D0EAF7CC7F /* Pods_ltdvideoTests.framework */ = {isa = PBXFileReference; explicitFileType = wrapper.framework; includeInIndex = 0; path = Pods_ltdvideoTests.framework; sourceTree = BUILT_PRODUCTS_DIR; };
		8DCFDB3D29153AF6529C7483 /* Pods-ltdvideo.release.xcconfig */ = {isa = PBXFileReference; includeInIndex = 1; lastKnownFileType = text.xcconfig; name = "Pods-ltdvideo.release.xcconfig"; path = "Pods/Target Support Files/Pods-ltdvideo/Pods-ltdvideo.release.xcconfig"; sourceTree = "<group>"; };
		AC512806D22BC45D5A902366 /* Pods_ltdvideoUITests.framework */ = {isa = PBXFileReference; explicitFileType = wrapper.framework; includeInIndex = 0; path = Pods_ltdvideoUITests.framework; sourceTree = BUILT_PRODUCTS_DIR; };
		BA9CCB761EA8F266003B9899 /* Assets.xcassets */ = {isa = PBXFileReference; lastKnownFileType = folder.assetcatalog; path = Assets.xcassets; sourceTree = "<group>"; };
		BAC0AF281EA70BB700554747 /* ltdvideo.app */ = {isa = PBXFileReference; explicitFileType = wrapper.application; includeInIndex = 0; path = ltdvideo.app; sourceTree = BUILT_PRODUCTS_DIR; };
		BAC0AF2B1EA70BB700554747 /* AppDelegate.swift */ = {isa = PBXFileReference; lastKnownFileType = sourcecode.swift; path = AppDelegate.swift; sourceTree = "<group>"; };
		BAC0AF2D1EA70BB700554747 /* ViewController.swift */ = {isa = PBXFileReference; lastKnownFileType = sourcecode.swift; path = ViewController.swift; sourceTree = "<group>"; };
		BAC0AF301EA70BB700554747 /* Base */ = {isa = PBXFileReference; lastKnownFileType = file.storyboard; name = Base; path = Base.lproj/Main.storyboard; sourceTree = "<group>"; };
		BAC0AF351EA70BB700554747 /* Base */ = {isa = PBXFileReference; lastKnownFileType = file.storyboard; name = Base; path = Base.lproj/LaunchScreen.storyboard; sourceTree = "<group>"; };
		BAC0AF371EA70BB700554747 /* Info.plist */ = {isa = PBXFileReference; lastKnownFileType = text.plist.xml; path = Info.plist; sourceTree = "<group>"; };
		BAC0AF3C1EA70BB700554747 /* ltdvideoTests.xctest */ = {isa = PBXFileReference; explicitFileType = wrapper.cfbundle; includeInIndex = 0; path = ltdvideoTests.xctest; sourceTree = BUILT_PRODUCTS_DIR; };
		BAC0AF401EA70BB700554747 /* ltdvideoTests.swift */ = {isa = PBXFileReference; lastKnownFileType = sourcecode.swift; path = ltdvideoTests.swift; sourceTree = "<group>"; };
		BAC0AF421EA70BB700554747 /* Info.plist */ = {isa = PBXFileReference; lastKnownFileType = text.plist.xml; path = Info.plist; sourceTree = "<group>"; };
		BAC0AF471EA70BB700554747 /* ltdvideoUITests.xctest */ = {isa = PBXFileReference; explicitFileType = wrapper.cfbundle; includeInIndex = 0; path = ltdvideoUITests.xctest; sourceTree = BUILT_PRODUCTS_DIR; };
		BAC0AF4B1EA70BB700554747 /* ltdvideoUITests.swift */ = {isa = PBXFileReference; lastKnownFileType = sourcecode.swift; path = ltdvideoUITests.swift; sourceTree = "<group>"; };
		BAC0AF4D1EA70BB700554747 /* Info.plist */ = {isa = PBXFileReference; lastKnownFileType = text.plist.xml; path = Info.plist; sourceTree = "<group>"; };
		BAC0AF591EA70CCD00554747 /* LoginViewController.swift */ = {isa = PBXFileReference; fileEncoding = 4; lastKnownFileType = sourcecode.swift; path = LoginViewController.swift; sourceTree = "<group>"; };
		BAC0AF5B1EA710A300554747 /* GoogleService-Info.plist */ = {isa = PBXFileReference; fileEncoding = 4; lastKnownFileType = text.plist.xml; path = "GoogleService-Info.plist"; sourceTree = "<group>"; };
		BAC0AF5D1EA7153F00554747 /* UploadViewController.swift */ = {isa = PBXFileReference; fileEncoding = 4; lastKnownFileType = sourcecode.swift; path = UploadViewController.swift; sourceTree = "<group>"; };
		BAC0AF601EA7509A00554747 /* ltdvideo-Bridging-Header.h */ = {isa = PBXFileReference; lastKnownFileType = sourcecode.c.h; path = "ltdvideo-Bridging-Header.h"; sourceTree = "<group>"; };
		C1B1047D5F7378BB8DC6587F /* Pods_ltdvideo.framework */ = {isa = PBXFileReference; explicitFileType = wrapper.framework; includeInIndex = 0; path = Pods_ltdvideo.framework; sourceTree = BUILT_PRODUCTS_DIR; };
		C621B9A81744F4D0A45E53E9 /* Pods-ltdvideoTests.debug.xcconfig */ = {isa = PBXFileReference; includeInIndex = 1; lastKnownFileType = text.xcconfig; name = "Pods-ltdvideoTests.debug.xcconfig"; path = "Pods/Target Support Files/Pods-ltdvideoTests/Pods-ltdvideoTests.debug.xcconfig"; sourceTree = "<group>"; };
		E4807221D0C77C1D351EBC61 /* Pods-ltdvideo.debug.xcconfig */ = {isa = PBXFileReference; includeInIndex = 1; lastKnownFileType = text.xcconfig; name = "Pods-ltdvideo.debug.xcconfig"; path = "Pods/Target Support Files/Pods-ltdvideo/Pods-ltdvideo.debug.xcconfig"; sourceTree = "<group>"; };
/* End PBXFileReference section */

/* Begin PBXFrameworksBuildPhase section */
		BAC0AF251EA70BB700554747 /* Frameworks */ = {
			isa = PBXFrameworksBuildPhase;
			buildActionMask = 2147483647;
			files = (
				15B8E4C25FAA2CF9FD58B22F /* Pods_ltdvideo.framework in Frameworks */,
			);
			runOnlyForDeploymentPostprocessing = 0;
		};
		BAC0AF391EA70BB700554747 /* Frameworks */ = {
			isa = PBXFrameworksBuildPhase;
			buildActionMask = 2147483647;
			files = (
				B097F758FED0A8D659693BDC /* Pods_ltdvideoTests.framework in Frameworks */,
			);
			runOnlyForDeploymentPostprocessing = 0;
		};
		BAC0AF441EA70BB700554747 /* Frameworks */ = {
			isa = PBXFrameworksBuildPhase;
			buildActionMask = 2147483647;
			files = (
				B59AAA99B33AAD0E43BDF012 /* Pods_ltdvideoUITests.framework in Frameworks */,
			);
			runOnlyForDeploymentPostprocessing = 0;
		};
/* End PBXFrameworksBuildPhase section */

/* Begin PBXGroup section */
		8670F9D36C428B57CD80E423 /* Pods */ = {
			isa = PBXGroup;
			children = (
				E4807221D0C77C1D351EBC61 /* Pods-ltdvideo.debug.xcconfig */,
				8DCFDB3D29153AF6529C7483 /* Pods-ltdvideo.release.xcconfig */,
				C621B9A81744F4D0A45E53E9 /* Pods-ltdvideoTests.debug.xcconfig */,
				24623340B37238A70540CC9F /* Pods-ltdvideoTests.release.xcconfig */,
				17435144F44BAABDC1FEBCD5 /* Pods-ltdvideoUITests.debug.xcconfig */,
				4DB6DBC1467684A550DB9479 /* Pods-ltdvideoUITests.release.xcconfig */,
			);
			name = Pods;
			sourceTree = "<group>";
		};
		BAC0AF1F1EA70BB700554747 = {
			isa = PBXGroup;
			children = (
				BAC0AF2A1EA70BB700554747 /* ltdvideo */,
				BAC0AF3F1EA70BB700554747 /* ltdvideoTests */,
				BAC0AF4A1EA70BB700554747 /* ltdvideoUITests */,
				BAC0AF291EA70BB700554747 /* Products */,
				8670F9D36C428B57CD80E423 /* Pods */,
				E4674CB4F34F6AB3D17EE338 /* Frameworks */,
			);
			sourceTree = "<group>";
		};
		BAC0AF291EA70BB700554747 /* Products */ = {
			isa = PBXGroup;
			children = (
				BAC0AF281EA70BB700554747 /* ltdvideo.app */,
				BAC0AF3C1EA70BB700554747 /* ltdvideoTests.xctest */,
				BAC0AF471EA70BB700554747 /* ltdvideoUITests.xctest */,
			);
			name = Products;
			sourceTree = "<group>";
		};
		BAC0AF2A1EA70BB700554747 /* ltdvideo */ = {
			isa = PBXGroup;
			children = (
				BAC0AF2B1EA70BB700554747 /* AppDelegate.swift */,
				BAC0AF2D1EA70BB700554747 /* ViewController.swift */,
				BAC0AF2F1EA70BB700554747 /* Main.storyboard */,
				BAC0AF341EA70BB700554747 /* LaunchScreen.storyboard */,
				BAC0AF5B1EA710A300554747 /* GoogleService-Info.plist */,
				BAC0AF371EA70BB700554747 /* Info.plist */,
				BAC0AF591EA70CCD00554747 /* LoginViewController.swift */,
				BAC0AF5D1EA7153F00554747 /* UploadViewController.swift */,
				BAC0AF601EA7509A00554747 /* ltdvideo-Bridging-Header.h */,
				BA9CCB761EA8F266003B9899 /* Assets.xcassets */,
			);
			path = ltdvideo;
			sourceTree = "<group>";
		};
		BAC0AF3F1EA70BB700554747 /* ltdvideoTests */ = {
			isa = PBXGroup;
			children = (
				BAC0AF401EA70BB700554747 /* ltdvideoTests.swift */,
				BAC0AF421EA70BB700554747 /* Info.plist */,
			);
			path = ltdvideoTests;
			sourceTree = "<group>";
		};
		BAC0AF4A1EA70BB700554747 /* ltdvideoUITests */ = {
			isa = PBXGroup;
			children = (
				BAC0AF4B1EA70BB700554747 /* ltdvideoUITests.swift */,
				BAC0AF4D1EA70BB700554747 /* Info.plist */,
			);
			path = ltdvideoUITests;
			sourceTree = "<group>";
		};
		E4674CB4F34F6AB3D17EE338 /* Frameworks */ = {
			isa = PBXGroup;
			children = (
				C1B1047D5F7378BB8DC6587F /* Pods_ltdvideo.framework */,
				76D2C69596F7C4D0EAF7CC7F /* Pods_ltdvideoTests.framework */,
				AC512806D22BC45D5A902366 /* Pods_ltdvideoUITests.framework */,
			);
			name = Frameworks;
			sourceTree = "<group>";
		};
/* End PBXGroup section */

/* Begin PBXNativeTarget section */
		BAC0AF271EA70BB700554747 /* ltdvideo */ = {
			isa = PBXNativeTarget;
			buildConfigurationList = BAC0AF501EA70BB700554747 /* Build configuration list for PBXNativeTarget "ltdvideo" */;
			buildPhases = (
				2FBA5FE3193CAD94F90ED963 /* [CP] Check Pods Manifest.lock */,
				BAC0AF241EA70BB700554747 /* Sources */,
				BAC0AF251EA70BB700554747 /* Frameworks */,
				BAC0AF261EA70BB700554747 /* Resources */,
				C424353B40CC7C0FD1310410 /* [CP] Embed Pods Frameworks */,
				A3B2F65AFC7C4C23511FAB5D /* [CP] Copy Pods Resources */,
				BAC0AF631EA78EE600554747 /* Firebase Crash Sym Upload */,
			);
			buildRules = (
			);
			dependencies = (
			);
			name = ltdvideo;
			productName = ltdvideo;
			productReference = BAC0AF281EA70BB700554747 /* ltdvideo.app */;
			productType = "com.apple.product-type.application";
		};
		BAC0AF3B1EA70BB700554747 /* ltdvideoTests */ = {
			isa = PBXNativeTarget;
			buildConfigurationList = BAC0AF531EA70BB700554747 /* Build configuration list for PBXNativeTarget "ltdvideoTests" */;
			buildPhases = (
				3E7CCB1512BA5EC803408695 /* [CP] Check Pods Manifest.lock */,
				BAC0AF381EA70BB700554747 /* Sources */,
				BAC0AF391EA70BB700554747 /* Frameworks */,
				BAC0AF3A1EA70BB700554747 /* Resources */,
				CD9D919A5CCA1030EF8F8FBD /* [CP] Embed Pods Frameworks */,
				88F003F31C792867C1D63CEB /* [CP] Copy Pods Resources */,
			);
			buildRules = (
			);
			dependencies = (
				BAC0AF3E1EA70BB700554747 /* PBXTargetDependency */,
			);
			name = ltdvideoTests;
			productName = ltdvideoTests;
			productReference = BAC0AF3C1EA70BB700554747 /* ltdvideoTests.xctest */;
			productType = "com.apple.product-type.bundle.unit-test";
		};
		BAC0AF461EA70BB700554747 /* ltdvideoUITests */ = {
			isa = PBXNativeTarget;
			buildConfigurationList = BAC0AF561EA70BB700554747 /* Build configuration list for PBXNativeTarget "ltdvideoUITests" */;
			buildPhases = (
				D31EFA5B6E70B3A4D8B03899 /* [CP] Check Pods Manifest.lock */,
				BAC0AF431EA70BB700554747 /* Sources */,
				BAC0AF441EA70BB700554747 /* Frameworks */,
				BAC0AF451EA70BB700554747 /* Resources */,
				0ADBCDF8BF85DB4D58D2A13F /* [CP] Embed Pods Frameworks */,
				EF416B42FB7D53BE2BE6781B /* [CP] Copy Pods Resources */,
			);
			buildRules = (
			);
			dependencies = (
				BAC0AF491EA70BB700554747 /* PBXTargetDependency */,
			);
			name = ltdvideoUITests;
			productName = ltdvideoUITests;
			productReference = BAC0AF471EA70BB700554747 /* ltdvideoUITests.xctest */;
			productType = "com.apple.product-type.bundle.ui-testing";
		};
/* End PBXNativeTarget section */

/* Begin PBXProject section */
		BAC0AF201EA70BB700554747 /* Project object */ = {
			isa = PBXProject;
			attributes = {
				LastSwiftUpdateCheck = 0830;
				LastUpgradeCheck = 0830;
				ORGANIZATIONNAME = "Kieran Andrews";
				TargetAttributes = {
					BAC0AF271EA70BB700554747 = {
						CreatedOnToolsVersion = 8.3.2;
						DevelopmentTeam = N9MLTYCHYC;
						LastSwiftMigration = 0830;
						ProvisioningStyle = Automatic;
					};
					BAC0AF3B1EA70BB700554747 = {
						CreatedOnToolsVersion = 8.3.2;
						DevelopmentTeam = N9MLTYCHYC;
						ProvisioningStyle = Automatic;
						TestTargetID = BAC0AF271EA70BB700554747;
					};
					BAC0AF461EA70BB700554747 = {
						CreatedOnToolsVersion = 8.3.2;
						DevelopmentTeam = N9MLTYCHYC;
						ProvisioningStyle = Automatic;
						TestTargetID = BAC0AF271EA70BB700554747;
					};
				};
			};
			buildConfigurationList = BAC0AF231EA70BB700554747 /* Build configuration list for PBXProject "ltdvideo" */;
			compatibilityVersion = "Xcode 3.2";
			developmentRegion = English;
			hasScannedForEncodings = 0;
			knownRegions = (
				en,
				Base,
			);
			mainGroup = BAC0AF1F1EA70BB700554747;
			productRefGroup = BAC0AF291EA70BB700554747 /* Products */;
			projectDirPath = "";
			projectRoot = "";
			targets = (
				BAC0AF271EA70BB700554747 /* ltdvideo */,
				BAC0AF3B1EA70BB700554747 /* ltdvideoTests */,
				BAC0AF461EA70BB700554747 /* ltdvideoUITests */,
			);
		};
/* End PBXProject section */

/* Begin PBXResourcesBuildPhase section */
		BAC0AF261EA70BB700554747 /* Resources */ = {
			isa = PBXResourcesBuildPhase;
			buildActionMask = 2147483647;
			files = (
				BAC0AF361EA70BB700554747 /* LaunchScreen.storyboard in Resources */,
				BAC0AF5C1EA710A300554747 /* GoogleService-Info.plist in Resources */,
				BA9CCB771EA8F266003B9899 /* Assets.xcassets in Resources */,
				BAC0AF311EA70BB700554747 /* Main.storyboard in Resources */,
			);
			runOnlyForDeploymentPostprocessing = 0;
		};
		BAC0AF3A1EA70BB700554747 /* Resources */ = {
			isa = PBXResourcesBuildPhase;
			buildActionMask = 2147483647;
			files = (
			);
			runOnlyForDeploymentPostprocessing = 0;
		};
		BAC0AF451EA70BB700554747 /* Resources */ = {
			isa = PBXResourcesBuildPhase;
			buildActionMask = 2147483647;
			files = (
			);
			runOnlyForDeploymentPostprocessing = 0;
		};
/* End PBXResourcesBuildPhase section */

/* Begin PBXShellScriptBuildPhase section */
		0ADBCDF8BF85DB4D58D2A13F /* [CP] Embed Pods Frameworks */ = {
			isa = PBXShellScriptBuildPhase;
			buildActionMask = 2147483647;
			files = (
			);
			inputPaths = (
			);
			name = "[CP] Embed Pods Frameworks";
			outputPaths = (
			);
			runOnlyForDeploymentPostprocessing = 0;
			shellPath = /bin/sh;
			shellScript = "\"${SRCROOT}/Pods/Target Support Files/Pods-ltdvideoUITests/Pods-ltdvideoUITests-frameworks.sh\"\n";
			showEnvVarsInLog = 0;
		};
		2FBA5FE3193CAD94F90ED963 /* [CP] Check Pods Manifest.lock */ = {
			isa = PBXShellScriptBuildPhase;
			buildActionMask = 2147483647;
			files = (
			);
			inputPaths = (
			);
			name = "[CP] Check Pods Manifest.lock";
			outputPaths = (
			);
			runOnlyForDeploymentPostprocessing = 0;
			shellPath = /bin/sh;
			shellScript = "diff \"${PODS_PODFILE_DIR_PATH}/Podfile.lock\" \"${PODS_ROOT}/Manifest.lock\" > /dev/null\nif [ $? != 0 ] ; then\n    # print error to STDERR\n    echo \"error: The sandbox is not in sync with the Podfile.lock. Run 'pod install' or update your CocoaPods installation.\" >&2\n    exit 1\nfi\n";
			showEnvVarsInLog = 0;
		};
		3E7CCB1512BA5EC803408695 /* [CP] Check Pods Manifest.lock */ = {
			isa = PBXShellScriptBuildPhase;
			buildActionMask = 2147483647;
			files = (
			);
			inputPaths = (
			);
			name = "[CP] Check Pods Manifest.lock";
			outputPaths = (
			);
			runOnlyForDeploymentPostprocessing = 0;
			shellPath = /bin/sh;
			shellScript = "diff \"${PODS_PODFILE_DIR_PATH}/Podfile.lock\" \"${PODS_ROOT}/Manifest.lock\" > /dev/null\nif [ $? != 0 ] ; then\n    # print error to STDERR\n    echo \"error: The sandbox is not in sync with the Podfile.lock. Run 'pod install' or update your CocoaPods installation.\" >&2\n    exit 1\nfi\n";
			showEnvVarsInLog = 0;
		};
		88F003F31C792867C1D63CEB /* [CP] Copy Pods Resources */ = {
			isa = PBXShellScriptBuildPhase;
			buildActionMask = 2147483647;
			files = (
			);
			inputPaths = (
			);
			name = "[CP] Copy Pods Resources";
			outputPaths = (
			);
			runOnlyForDeploymentPostprocessing = 0;
			shellPath = /bin/sh;
			shellScript = "\"${SRCROOT}/Pods/Target Support Files/Pods-ltdvideoTests/Pods-ltdvideoTests-resources.sh\"\n";
			showEnvVarsInLog = 0;
		};
		A3B2F65AFC7C4C23511FAB5D /* [CP] Copy Pods Resources */ = {
			isa = PBXShellScriptBuildPhase;
			buildActionMask = 2147483647;
			files = (
			);
			inputPaths = (
			);
			name = "[CP] Copy Pods Resources";
			outputPaths = (
			);
			runOnlyForDeploymentPostprocessing = 0;
			shellPath = /bin/sh;
			shellScript = "\"${SRCROOT}/Pods/Target Support Files/Pods-ltdvideo/Pods-ltdvideo-resources.sh\"\n";
			showEnvVarsInLog = 0;
		};
		BAC0AF631EA78EE600554747 /* Firebase Crash Sym Upload */ = {
			isa = PBXShellScriptBuildPhase;
			buildActionMask = 2147483647;
			files = (
			);
			inputPaths = (
			);
			name = "Firebase Crash Sym Upload";
			outputPaths = (
			);
			runOnlyForDeploymentPostprocessing = 0;
			shellPath = /bin/sh;
			shellScript = "# Replace this with the GOOGLE_APP_ID from your GoogleService-Info.plist file\nGOOGLE_APP_ID=1:1046004385214:ios:ab2db9d0bd72e580\n\n# Replace the /Path/To/ServiceAccount.json with the path to the key you just downloaded\n\"${PODS_ROOT}\"/FirebaseCrash/upload-sym \"Keys/ltdvideo-3a5bb-firebase-crashreporting-3j31f-1677f1c643.json\"\n";
		};
		C424353B40CC7C0FD1310410 /* [CP] Embed Pods Frameworks */ = {
			isa = PBXShellScriptBuildPhase;
			buildActionMask = 2147483647;
			files = (
			);
			inputPaths = (
			);
			name = "[CP] Embed Pods Frameworks";
			outputPaths = (
			);
			runOnlyForDeploymentPostprocessing = 0;
			shellPath = /bin/sh;
			shellScript = "\"${SRCROOT}/Pods/Target Support Files/Pods-ltdvideo/Pods-ltdvideo-frameworks.sh\"\n";
			showEnvVarsInLog = 0;
		};
		CD9D919A5CCA1030EF8F8FBD /* [CP] Embed Pods Frameworks */ = {
			isa = PBXShellScriptBuildPhase;
			buildActionMask = 2147483647;
			files = (
			);
			inputPaths = (
			);
			name = "[CP] Embed Pods Frameworks";
			outputPaths = (
			);
			runOnlyForDeploymentPostprocessing = 0;
			shellPath = /bin/sh;
			shellScript = "\"${SRCROOT}/Pods/Target Support Files/Pods-ltdvideoTests/Pods-ltdvideoTests-frameworks.sh\"\n";
			showEnvVarsInLog = 0;
		};
		D31EFA5B6E70B3A4D8B03899 /* [CP] Check Pods Manifest.lock */ = {
			isa = PBXShellScriptBuildPhase;
			buildActionMask = 2147483647;
			files = (
			);
			inputPaths = (
			);
			name = "[CP] Check Pods Manifest.lock";
			outputPaths = (
			);
			runOnlyForDeploymentPostprocessing = 0;
			shellPath = /bin/sh;
			shellScript = "diff \"${PODS_PODFILE_DIR_PATH}/Podfile.lock\" \"${PODS_ROOT}/Manifest.lock\" > /dev/null\nif [ $? != 0 ] ; then\n    # print error to STDERR\n    echo \"error: The sandbox is not in sync with the Podfile.lock. Run 'pod install' or update your CocoaPods installation.\" >&2\n    exit 1\nfi\n";
			showEnvVarsInLog = 0;
		};
		EF416B42FB7D53BE2BE6781B /* [CP] Copy Pods Resources */ = {
			isa = PBXShellScriptBuildPhase;
			buildActionMask = 2147483647;
			files = (
			);
			inputPaths = (
			);
			name = "[CP] Copy Pods Resources";
			outputPaths = (
			);
			runOnlyForDeploymentPostprocessing = 0;
			shellPath = /bin/sh;
			shellScript = "\"${SRCROOT}/Pods/Target Support Files/Pods-ltdvideoUITests/Pods-ltdvideoUITests-resources.sh\"\n";
			showEnvVarsInLog = 0;
		};
/* End PBXShellScriptBuildPhase section */

/* Begin PBXSourcesBuildPhase section */
		BAC0AF241EA70BB700554747 /* Sources */ = {
			isa = PBXSourcesBuildPhase;
			buildActionMask = 2147483647;
			files = (
				BAC0AF2E1EA70BB700554747 /* ViewController.swift in Sources */,
				BAC0AF5A1EA70CCD00554747 /* LoginViewController.swift in Sources */,
				BAC0AF5E1EA7153F00554747 /* UploadViewController.swift in Sources */,
				BAC0AF2C1EA70BB700554747 /* AppDelegate.swift in Sources */,
			);
			runOnlyForDeploymentPostprocessing = 0;
		};
		BAC0AF381EA70BB700554747 /* Sources */ = {
			isa = PBXSourcesBuildPhase;
			buildActionMask = 2147483647;
			files = (
				BAC0AF411EA70BB700554747 /* ltdvideoTests.swift in Sources */,
			);
			runOnlyForDeploymentPostprocessing = 0;
		};
		BAC0AF431EA70BB700554747 /* Sources */ = {
			isa = PBXSourcesBuildPhase;
			buildActionMask = 2147483647;
			files = (
				BAC0AF4C1EA70BB700554747 /* ltdvideoUITests.swift in Sources */,
			);
			runOnlyForDeploymentPostprocessing = 0;
		};
/* End PBXSourcesBuildPhase section */

/* Begin PBXTargetDependency section */
		BAC0AF3E1EA70BB700554747 /* PBXTargetDependency */ = {
			isa = PBXTargetDependency;
			target = BAC0AF271EA70BB700554747 /* ltdvideo */;
			targetProxy = BAC0AF3D1EA70BB700554747 /* PBXContainerItemProxy */;
		};
		BAC0AF491EA70BB700554747 /* PBXTargetDependency */ = {
			isa = PBXTargetDependency;
			target = BAC0AF271EA70BB700554747 /* ltdvideo */;
			targetProxy = BAC0AF481EA70BB700554747 /* PBXContainerItemProxy */;
		};
/* End PBXTargetDependency section */

/* Begin PBXVariantGroup section */
		BAC0AF2F1EA70BB700554747 /* Main.storyboard */ = {
			isa = PBXVariantGroup;
			children = (
				BAC0AF301EA70BB700554747 /* Base */,
			);
			name = Main.storyboard;
			sourceTree = "<group>";
		};
		BAC0AF341EA70BB700554747 /* LaunchScreen.storyboard */ = {
			isa = PBXVariantGroup;
			children = (
				BAC0AF351EA70BB700554747 /* Base */,
			);
			name = LaunchScreen.storyboard;
			sourceTree = "<group>";
		};
/* End PBXVariantGroup section */

/* Begin XCBuildConfiguration section */
		BAC0AF4E1EA70BB700554747 /* Debug */ = {
			isa = XCBuildConfiguration;
			buildSettings = {
				ALWAYS_SEARCH_USER_PATHS = NO;
				CLANG_ANALYZER_NONNULL = YES;
				CLANG_ANALYZER_NUMBER_OBJECT_CONVERSION = YES_AGGRESSIVE;
				CLANG_CXX_LANGUAGE_STANDARD = "gnu++0x";
				CLANG_CXX_LIBRARY = "libc++";
				CLANG_ENABLE_MODULES = YES;
				CLANG_ENABLE_OBJC_ARC = YES;
				CLANG_WARN_BOOL_CONVERSION = YES;
				CLANG_WARN_CONSTANT_CONVERSION = YES;
				CLANG_WARN_DIRECT_OBJC_ISA_USAGE = YES_ERROR;
				CLANG_WARN_DOCUMENTATION_COMMENTS = YES;
				CLANG_WARN_EMPTY_BODY = YES;
				CLANG_WARN_ENUM_CONVERSION = YES;
				CLANG_WARN_INFINITE_RECURSION = YES;
				CLANG_WARN_INT_CONVERSION = YES;
				CLANG_WARN_OBJC_ROOT_CLASS = YES_ERROR;
				CLANG_WARN_SUSPICIOUS_MOVE = YES;
				CLANG_WARN_UNREACHABLE_CODE = YES;
				CLANG_WARN__DUPLICATE_METHOD_MATCH = YES;
				"CODE_SIGN_IDENTITY[sdk=iphoneos*]" = "iPhone Developer";
				COPY_PHASE_STRIP = NO;
				DEBUG_INFORMATION_FORMAT = dwarf;
				ENABLE_STRICT_OBJC_MSGSEND = YES;
				ENABLE_TESTABILITY = YES;
				GCC_C_LANGUAGE_STANDARD = gnu99;
				GCC_DYNAMIC_NO_PIC = NO;
				GCC_NO_COMMON_BLOCKS = YES;
				GCC_OPTIMIZATION_LEVEL = 0;
				GCC_PREPROCESSOR_DEFINITIONS = (
					"DEBUG=1",
					"$(inherited)",
				);
				GCC_WARN_64_TO_32_BIT_CONVERSION = YES;
				GCC_WARN_ABOUT_RETURN_TYPE = YES_ERROR;
				GCC_WARN_UNDECLARED_SELECTOR = YES;
				GCC_WARN_UNINITIALIZED_AUTOS = YES_AGGRESSIVE;
				GCC_WARN_UNUSED_FUNCTION = YES;
				GCC_WARN_UNUSED_VARIABLE = YES;
				IPHONEOS_DEPLOYMENT_TARGET = 9.0;
				MTL_ENABLE_DEBUG_INFO = YES;
				ONLY_ACTIVE_ARCH = YES;
				SDKROOT = iphoneos;
				SWIFT_ACTIVE_COMPILATION_CONDITIONS = DEBUG;
				SWIFT_OPTIMIZATION_LEVEL = "-Onone";
				TARGETED_DEVICE_FAMILY = "1,2";
			};
			name = Debug;
		};
		BAC0AF4F1EA70BB700554747 /* Release */ = {
			isa = XCBuildConfiguration;
			buildSettings = {
				ALWAYS_SEARCH_USER_PATHS = NO;
				CLANG_ANALYZER_NONNULL = YES;
				CLANG_ANALYZER_NUMBER_OBJECT_CONVERSION = YES_AGGRESSIVE;
				CLANG_CXX_LANGUAGE_STANDARD = "gnu++0x";
				CLANG_CXX_LIBRARY = "libc++";
				CLANG_ENABLE_MODULES = YES;
				CLANG_ENABLE_OBJC_ARC = YES;
				CLANG_WARN_BOOL_CONVERSION = YES;
				CLANG_WARN_CONSTANT_CONVERSION = YES;
				CLANG_WARN_DIRECT_OBJC_ISA_USAGE = YES_ERROR;
				CLANG_WARN_DOCUMENTATION_COMMENTS = YES;
				CLANG_WARN_EMPTY_BODY = YES;
				CLANG_WARN_ENUM_CONVERSION = YES;
				CLANG_WARN_INFINITE_RECURSION = YES;
				CLANG_WARN_INT_CONVERSION = YES;
				CLANG_WARN_OBJC_ROOT_CLASS = YES_ERROR;
				CLANG_WARN_SUSPICIOUS_MOVE = YES;
				CLANG_WARN_UNREACHABLE_CODE = YES;
				CLANG_WARN__DUPLICATE_METHOD_MATCH = YES;
				"CODE_SIGN_IDENTITY[sdk=iphoneos*]" = "iPhone Developer";
				COPY_PHASE_STRIP = NO;
				DEBUG_INFORMATION_FORMAT = "dwarf-with-dsym";
				ENABLE_NS_ASSERTIONS = NO;
				ENABLE_STRICT_OBJC_MSGSEND = YES;
				GCC_C_LANGUAGE_STANDARD = gnu99;
				GCC_NO_COMMON_BLOCKS = YES;
				GCC_WARN_64_TO_32_BIT_CONVERSION = YES;
				GCC_WARN_ABOUT_RETURN_TYPE = YES_ERROR;
				GCC_WARN_UNDECLARED_SELECTOR = YES;
				GCC_WARN_UNINITIALIZED_AUTOS = YES_AGGRESSIVE;
				GCC_WARN_UNUSED_FUNCTION = YES;
				GCC_WARN_UNUSED_VARIABLE = YES;
				IPHONEOS_DEPLOYMENT_TARGET = 9.0;
				MTL_ENABLE_DEBUG_INFO = NO;
				SDKROOT = iphoneos;
				SWIFT_OPTIMIZATION_LEVEL = "-Owholemodule";
				TARGETED_DEVICE_FAMILY = "1,2";
				VALIDATE_PRODUCT = YES;
			};
			name = Release;
		};
		BAC0AF511EA70BB700554747 /* Debug */ = {
			isa = XCBuildConfiguration;
			baseConfigurationReference = E4807221D0C77C1D351EBC61 /* Pods-ltdvideo.debug.xcconfig */;
			buildSettings = {
				ASSETCATALOG_COMPILER_APPICON_NAME = AppIcon;
				CLANG_ENABLE_MODULES = YES;
				DEVELOPMENT_TEAM = N9MLTYCHYC;
				INFOPLIST_FILE = ltdvideo/Info.plist;
				IPHONEOS_DEPLOYMENT_TARGET = 9.0;
				LD_RUNPATH_SEARCH_PATHS = "$(inherited) @executable_path/Frameworks";
				PRODUCT_BUNDLE_IDENTIFIER = com.kieran.ltdvideo;
				PRODUCT_NAME = "$(TARGET_NAME)";
				SWIFT_OBJC_BRIDGING_HEADER = "ltdvideo/ltdvideo-Bridging-Header.h";
				SWIFT_OPTIMIZATION_LEVEL = "-Onone";
				SWIFT_VERSION = 3.0;
			};
			name = Debug;
		};
		BAC0AF521EA70BB700554747 /* Release */ = {
			isa = XCBuildConfiguration;
			baseConfigurationReference = 8DCFDB3D29153AF6529C7483 /* Pods-ltdvideo.release.xcconfig */;
			buildSettings = {
				ASSETCATALOG_COMPILER_APPICON_NAME = AppIcon;
				CLANG_ENABLE_MODULES = YES;
				DEVELOPMENT_TEAM = N9MLTYCHYC;
				INFOPLIST_FILE = ltdvideo/Info.plist;
				IPHONEOS_DEPLOYMENT_TARGET = 9.0;
				LD_RUNPATH_SEARCH_PATHS = "$(inherited) @executable_path/Frameworks";
				PRODUCT_BUNDLE_IDENTIFIER = com.kieran.ltdvideo;
				PRODUCT_NAME = "$(TARGET_NAME)";
				SWIFT_OBJC_BRIDGING_HEADER = "ltdvideo/ltdvideo-Bridging-Header.h";
				SWIFT_VERSION = 3.0;
			};
			name = Release;
		};
		BAC0AF541EA70BB700554747 /* Debug */ = {
			isa = XCBuildConfiguration;
			baseConfigurationReference = C621B9A81744F4D0A45E53E9 /* Pods-ltdvideoTests.debug.xcconfig */;
			buildSettings = {
				ALWAYS_EMBED_SWIFT_STANDARD_LIBRARIES = YES;
				BUNDLE_LOADER = "$(TEST_HOST)";
				DEVELOPMENT_TEAM = N9MLTYCHYC;
				INFOPLIST_FILE = ltdvideoTests/Info.plist;
				LD_RUNPATH_SEARCH_PATHS = "$(inherited) @executable_path/Frameworks @loader_path/Frameworks";
				PRODUCT_BUNDLE_IDENTIFIER = com.kieran.ltdvideo.ltdvideoTests;
				PRODUCT_NAME = "$(TARGET_NAME)";
				SWIFT_VERSION = 3.0;
				TEST_HOST = "$(BUILT_PRODUCTS_DIR)/ltdvideo.app/ltdvideo";
			};
			name = Debug;
		};
		BAC0AF551EA70BB700554747 /* Release */ = {
			isa = XCBuildConfiguration;
			baseConfigurationReference = 24623340B37238A70540CC9F /* Pods-ltdvideoTests.release.xcconfig */;
			buildSettings = {
				ALWAYS_EMBED_SWIFT_STANDARD_LIBRARIES = YES;
				BUNDLE_LOADER = "$(TEST_HOST)";
				DEVELOPMENT_TEAM = N9MLTYCHYC;
				INFOPLIST_FILE = ltdvideoTests/Info.plist;
				LD_RUNPATH_SEARCH_PATHS = "$(inherited) @executable_path/Frameworks @loader_path/Frameworks";
				PRODUCT_BUNDLE_IDENTIFIER = com.kieran.ltdvideo.ltdvideoTests;
				PRODUCT_NAME = "$(TARGET_NAME)";
				SWIFT_VERSION = 3.0;
				TEST_HOST = "$(BUILT_PRODUCTS_DIR)/ltdvideo.app/ltdvideo";
			};
			name = Release;
		};
		BAC0AF571EA70BB700554747 /* Debug */ = {
			isa = XCBuildConfiguration;
			baseConfigurationReference = 17435144F44BAABDC1FEBCD5 /* Pods-ltdvideoUITests.debug.xcconfig */;
			buildSettings = {
				ALWAYS_EMBED_SWIFT_STANDARD_LIBRARIES = YES;
				DEVELOPMENT_TEAM = N9MLTYCHYC;
				INFOPLIST_FILE = ltdvideoUITests/Info.plist;
				LD_RUNPATH_SEARCH_PATHS = "$(inherited) @executable_path/Frameworks @loader_path/Frameworks";
				PRODUCT_BUNDLE_IDENTIFIER = com.kieran.ltdvideo.ltdvideoUITests;
				PRODUCT_NAME = "$(TARGET_NAME)";
				SWIFT_VERSION = 3.0;
				TEST_TARGET_NAME = ltdvideo;
			};
			name = Debug;
		};
		BAC0AF581EA70BB700554747 /* Release */ = {
			isa = XCBuildConfiguration;
			baseConfigurationReference = 4DB6DBC1467684A550DB9479 /* Pods-ltdvideoUITests.release.xcconfig */;
			buildSettings = {
				ALWAYS_EMBED_SWIFT_STANDARD_LIBRARIES = YES;
				DEVELOPMENT_TEAM = N9MLTYCHYC;
				INFOPLIST_FILE = ltdvideoUITests/Info.plist;
				LD_RUNPATH_SEARCH_PATHS = "$(inherited) @executable_path/Frameworks @loader_path/Frameworks";
				PRODUCT_BUNDLE_IDENTIFIER = com.kieran.ltdvideo.ltdvideoUITests;
				PRODUCT_NAME = "$(TARGET_NAME)";
				SWIFT_VERSION = 3.0;
				TEST_TARGET_NAME = ltdvideo;
			};
			name = Release;
		};
/* End XCBuildConfiguration section */

/* Begin XCConfigurationList section */
		BAC0AF231EA70BB700554747 /* Build configuration list for PBXProject "ltdvideo" */ = {
			isa = XCConfigurationList;
			buildConfigurations = (
				BAC0AF4E1EA70BB700554747 /* Debug */,
				BAC0AF4F1EA70BB700554747 /* Release */,
			);
			defaultConfigurationIsVisible = 0;
			defaultConfigurationName = Release;
		};
		BAC0AF501EA70BB700554747 /* Build configuration list for PBXNativeTarget "ltdvideo" */ = {
			isa = XCConfigurationList;
			buildConfigurations = (
				BAC0AF511EA70BB700554747 /* Debug */,
				BAC0AF521EA70BB700554747 /* Release */,
			);
			defaultConfigurationIsVisible = 0;
			defaultConfigurationName = Release;
		};
		BAC0AF531EA70BB700554747 /* Build configuration list for PBXNativeTarget "ltdvideoTests" */ = {
			isa = XCConfigurationList;
			buildConfigurations = (
				BAC0AF541EA70BB700554747 /* Debug */,
				BAC0AF551EA70BB700554747 /* Release */,
			);
			defaultConfigurationIsVisible = 0;
			defaultConfigurationName = Release;
		};
		BAC0AF561EA70BB700554747 /* Build configuration list for PBXNativeTarget "ltdvideoUITests" */ = {
			isa = XCConfigurationList;
			buildConfigurations = (
				BAC0AF571EA70BB700554747 /* Debug */,
				BAC0AF581EA70BB700554747 /* Release */,
			);
			defaultConfigurationIsVisible = 0;
			defaultConfigurationName = Release;
		};
/* End XCConfigurationList section */
	};
	rootObject = BAC0AF201EA70BB700554747 /* Project object */;
}
